{
  "nodes": {
    "env-guard-src": {
      "inputs": {
        "flake-utils": "flake-utils",
        "nixpkgs": "nixpkgs"
      },
      "locked": {
        "lastModified": 1656715868,
        "narHash": "sha256-kBBGNVzNyRrYtBSYItO6l0s5LZ+SRy/C9HWVsuZrHHo=",
        "owner": "tbidne",
        "repo": "env-guard",
        "rev": "8eae34b2fcd4c0bac24ee98f948e48cadc5e7026",
        "type": "github"
      },
      "original": {
        "owner": "tbidne",
        "repo": "env-guard",
        "type": "github"
      }
    },
    "flake-utils": {
      "locked": {
        "lastModified": 1656065134,
        "narHash": "sha256-oc6E6ByIw3oJaIyc67maaFcnjYOz1mMcOtHxbEf9NwQ=",
        "owner": "numtide",
        "repo": "flake-utils",
        "rev": "bee6a7250dd1b01844a2de7e02e4df7d8a0a206c",
        "type": "github"
      },
      "original": {
        "owner": "numtide",
        "repo": "flake-utils",
        "type": "github"
      }
    },
    "flake-utils_2": {
      "locked": {
        "lastModified": 1649676176,
        "narHash": "sha256-OWKJratjt2RW151VUlJPRALb7OU2S5s+f0vLj4o1bHM=",
        "owner": "numtide",
        "repo": "flake-utils",
        "rev": "a4b154ebbdc88c8498a5c7b01589addc9e9cb678",
        "type": "github"
      },
      "original": {
        "owner": "numtide",
        "repo": "flake-utils",
        "type": "github"
      }
    },
    "nixpkgs": {
      "locked": {
        "lastModified": 1656239181,
        "narHash": "sha256-wW1xRFBn376yGloXZ4QzBE4hjipMawpV18Lshd9QSPw=",
        "owner": "nixos",
        "repo": "nixpkgs",
        "rev": "f2537a505d45c31fe5d9c27ea9829b6f4c4e6ac5",
        "type": "github"
      },
      "original": {
        "owner": "nixos",
        "ref": "nixos-unstable",
        "repo": "nixpkgs",
        "type": "github"
      }
    },
    "nixpkgs_2": {
      "locked": {
        "lastModified": 1657283604,
        "narHash": "sha256-MAMZYa7/2RLDk4IQAfWql0ZU9OGHVqaX2EX9y0o6Lz4=",
        "owner": "nixos",
        "repo": "nixpkgs",
        "rev": "0898779c3944d6ca9d90abb9641d4030796fdaa2",
        "type": "github"
      },
      "original": {
        "owner": "nixos",
        "repo": "nixpkgs",
        "type": "github"
      }
    },
    "root": {
      "inputs": {
        "env-guard-src": "env-guard-src",
        "flake-utils": "flake-utils_2",
        "nixpkgs": "nixpkgs_2"
      }
    }
  },
  "root": "root",
  "version": 7
}
