{
  "nodes": {
    "algebra-simple": {
      "inputs": {
        "flake-compat": [
          "monad-effects",
          "flake-compat"
        ],
        "flake-parts": [
          "monad-effects",
          "flake-parts"
        ],
        "nixpkgs": [
          "monad-effects",
          "nixpkgs"
        ]
      },
      "locked": {
        "lastModified": 1670371950,
        "narHash": "sha256-hcFAqLXp7N2nE3FRaxjmZ9eRu9k3AiFEMZMgi76XhZM=",
        "owner": "tbidne",
        "repo": "algebra-simple",
        "rev": "2c8a79e8d3bf67c99e4851c557bf68a44c512307",
        "type": "github"
      },
      "original": {
        "owner": "tbidne",
        "repo": "algebra-simple",
        "type": "github"
      }
    },
    "bounds": {
      "inputs": {
        "flake-compat": [
          "monad-effects",
          "flake-compat"
        ],
        "flake-parts": [
          "monad-effects",
          "flake-parts"
        ],
        "nixpkgs": [
          "monad-effects",
          "nixpkgs"
        ]
      },
      "locked": {
        "lastModified": 1670372005,
        "narHash": "sha256-CptBUtBlMGhmq2TnCAEAF3U4KMMeVNT5A1wpzhwLQs4=",
        "owner": "tbidne",
        "repo": "bounds",
        "rev": "004f03aec46f29069fd0bf5115a384cd2b3141b3",
        "type": "github"
      },
      "original": {
        "owner": "tbidne",
        "repo": "bounds",
        "type": "github"
      }
    },
    "flake-compat": {
      "flake": false,
      "locked": {
        "lastModified": 1668681692,
        "narHash": "sha256-Ht91NGdewz8IQLtWZ9LCeNXMSXHUss+9COoqu6JLmXU=",
        "owner": "edolstra",
        "repo": "flake-compat",
        "rev": "009399224d5e398d03b22badca40a37ac85412a1",
        "type": "github"
      },
      "original": {
        "owner": "edolstra",
        "repo": "flake-compat",
        "type": "github"
      }
    },
    "flake-parts": {
      "inputs": {
        "nixpkgs-lib": "nixpkgs-lib"
      },
      "locked": {
        "lastModified": 1668450977,
        "narHash": "sha256-cfLhMhnvXn6x1vPm+Jow3RiFAUSCw/l1utktCw5rVA4=",
        "owner": "hercules-ci",
        "repo": "flake-parts",
        "rev": "d591857e9d7dd9ddbfba0ea02b43b927c3c0f1fa",
        "type": "github"
      },
      "original": {
        "owner": "hercules-ci",
        "repo": "flake-parts",
        "type": "github"
      }
    },
    "monad-effects": {
      "inputs": {
        "algebra-simple": "algebra-simple",
        "bounds": "bounds",
        "flake-compat": [
          "flake-compat"
        ],
        "flake-parts": [
          "flake-parts"
        ],
        "nixpkgs": [
          "nixpkgs"
        ],
        "smart-math": "smart-math"
      },
      "locked": {
        "lastModified": 1673575733,
        "narHash": "sha256-UzpJfYeQC299Ol7pq5sj+znfxGXhwG1i8mJLFZsp8xg=",
        "owner": "tbidne",
        "repo": "monad-effects",
        "rev": "dd9598e5f8508e02cf68c193b881417600bcc700",
        "type": "github"
      },
      "original": {
        "owner": "tbidne",
        "repo": "monad-effects",
        "type": "github"
      }
    },
    "nixpkgs": {
      "locked": {
        "lastModified": 1670242877,
        "narHash": "sha256-jBLh7dRHnbfvPPA9znOC6oQfKrCPJ0El8Zoe0BqnCjQ=",
        "owner": "nixos",
        "repo": "nixpkgs",
        "rev": "6e51c97f1c849efdfd4f3b78a4870e6aa2da4198",
        "type": "github"
      },
      "original": {
        "owner": "nixos",
        "ref": "nixos-unstable",
        "repo": "nixpkgs",
        "type": "github"
      }
    },
    "nixpkgs-lib": {
      "locked": {
        "dir": "lib",
        "lastModified": 1665349835,
        "narHash": "sha256-UK4urM3iN80UXQ7EaOappDzcisYIuEURFRoGQ/yPkug=",
        "owner": "NixOS",
        "repo": "nixpkgs",
        "rev": "34c5293a71ffdb2fe054eb5288adc1882c1eb0b1",
        "type": "github"
      },
      "original": {
        "dir": "lib",
        "owner": "NixOS",
        "ref": "nixos-unstable",
        "repo": "nixpkgs",
        "type": "github"
      }
    },
    "root": {
      "inputs": {
        "flake-compat": "flake-compat",
        "flake-parts": "flake-parts",
        "monad-effects": "monad-effects",
        "nixpkgs": "nixpkgs"
      }
    },
    "smart-math": {
      "inputs": {
        "algebra-simple": [
          "monad-effects",
          "algebra-simple"
        ],
        "bounds": [
          "monad-effects",
          "bounds"
        ],
        "flake-compat": [
          "monad-effects",
          "flake-compat"
        ],
        "flake-parts": [
          "monad-effects",
          "flake-parts"
        ],
        "nixpkgs": [
          "monad-effects",
          "nixpkgs"
        ]
      },
      "locked": {
        "lastModified": 1673569540,
        "narHash": "sha256-jEftzNeJHm/Mix44tacP7cuZ3gpiyjD5OqSe5bbGZn0=",
        "owner": "tbidne",
        "repo": "smart-math",
        "rev": "0a8a6a741c999be1183b810ea8b1cd9438cb0d8e",
        "type": "github"
      },
      "original": {
        "owner": "tbidne",
        "repo": "smart-math",
        "type": "github"
      }
    }
  },
  "root": "root",
  "version": 7
}
