# This file was autogenerated by Stack.
# You should not edit this file by hand.
# For more information, please see the documentation at:
#   https://docs.haskellstack.org/en/stable/lock_files

packages:
- completed:
    hackage: env-guard-0.2@sha256:59410eed9b9ddbd115760a59c7170927320d8612e414701d323a0c8985c97523,1251
    pantry-tree:
      sha256: c8135d95be0df0ce63d0ee398af20e38f505153032b32c4ab0e8f0f615501d46
      size: 419
  original:
    hackage: env-guard-0.2@sha256:59410eed9b9ddbd115760a59c7170927320d8612e414701d323a0c8985c97523,1251
- completed:
    hackage: package-version-0.1.0.0@sha256:bb9fc93e905540aa8e1b32f80c2dc82756a4481c63779bd92e3796ed8085ab98,2854
    pantry-tree:
      sha256: 8e33ac2f8d2db754cf11d1439fa970dbf14c6756746426ba89f54a7183a9d2d7
      size: 981
  original:
    hackage: package-version-0.1.0.0@sha256:bb9fc93e905540aa8e1b32f80c2dc82756a4481c63779bd92e3796ed8085ab98,2854
- completed:
    hackage: annotated-exception-0.2.0.4@sha256:3d499515d64d64ecc1a43a8ebbc70b24020e1ed2cbf8726039d282d87d8cb0ed,1785
    pantry-tree:
      sha256: f3080caecc6e12cd3d341f56732ef8528f2b8dd2e7230d86453cbdac5d406736
      size: 776
  original:
    hackage: annotated-exception-0.2.0.4@sha256:3d499515d64d64ecc1a43a8ebbc70b24020e1ed2cbf8726039d282d87d8cb0ed,1785
- completed:
    commit: b3d1b6b414d9a0561da5ed529a9ff663a0345270
    git: https://github.com/tbidne/monad-effects.git
    name: monad-callstack
    pantry-tree:
      sha256: f9a07be6e82160b06e51b3389012c1be4afa9aec98466f48466047f4a7749d63
      size: 235
    subdir: monad-callstack
    version: '0.1'
  original:
    commit: b3d1b6b414d9a0561da5ed529a9ff663a0345270
    git: https://github.com/tbidne/monad-effects.git
    subdir: monad-callstack
snapshots:
- completed:
    sha256: 7f4393ad659c579944d12202cffb12d8e4b8114566b015f77bbc303a24cff934
    size: 619405
    url: https://raw.githubusercontent.com/commercialhaskell/stackage-snapshots/master/lts/19/28.yaml
  original: lts-19.28
