# This file was autogenerated by Stack.
# You should not edit this file by hand.
# For more information, please see the documentation at:
#   https://docs.haskellstack.org/en/stable/lock_files

packages:
- completed:
    pantry-tree:
      sha256: 8e33ac2f8d2db754cf11d1439fa970dbf14c6756746426ba89f54a7183a9d2d7
      size: 981
    hackage: package-version-0.1.0.0@sha256:bb9fc93e905540aa8e1b32f80c2dc82756a4481c63779bd92e3796ed8085ab98,2854
  original:
    hackage: package-version-0.1.0.0@sha256:bb9fc93e905540aa8e1b32f80c2dc82756a4481c63779bd92e3796ed8085ab98,2854
- completed:
    name: env-guard
    pantry-tree:
      sha256: d2bd5efb32f27d5012ab73e5bf0cecec72da6ca477127db3e2211837c6062b10
      size: 1414
    commit: 57c2be47346085a0bd48df129da578d44452904b
    git: https://github.com/tbidne/env-guard.git
    version: '0.1'
  original:
    commit: 57c2be47346085a0bd48df129da578d44452904b
    git: https://github.com/tbidne/env-guard.git
snapshots:
- completed:
    sha256: d4ee004c46ba878d2f304f5d748d493057be579192a8d148527f3ba55c9df57f
    size: 618683
    url: https://raw.githubusercontent.com/commercialhaskell/stackage-snapshots/master/lts/19/4.yaml
  original: lts-19.4
