# This file was autogenerated by Stack.
# You should not edit this file by hand.
# For more information, please see the documentation at:
#   https://docs.haskellstack.org/en/stable/lock_files

packages:
- completed:
    pantry-tree:
      sha256: 8e33ac2f8d2db754cf11d1439fa970dbf14c6756746426ba89f54a7183a9d2d7
      size: 981
    hackage: package-version-0.1.0.0@sha256:bb9fc93e905540aa8e1b32f80c2dc82756a4481c63779bd92e3796ed8085ab98,2854
  original:
    hackage: package-version-0.1.0.0@sha256:bb9fc93e905540aa8e1b32f80c2dc82756a4481c63779bd92e3796ed8085ab98,2854
- completed:
    name: env-guard
    pantry-tree:
      sha256: 8f8d624d5b988f06ac813c23df0bc7fb605f848e4c0eb71e8cbbacf11ca60226
      size: 1516
    commit: 8eae34b2fcd4c0bac24ee98f948e48cadc5e7026
    git: https://github.com/tbidne/env-guard.git
    version: '0.2'
  original:
    commit: 8eae34b2fcd4c0bac24ee98f948e48cadc5e7026
    git: https://github.com/tbidne/env-guard.git
snapshots:
- completed:
    sha256: d4ee004c46ba878d2f304f5d748d493057be579192a8d148527f3ba55c9df57f
    size: 618683
    url: https://raw.githubusercontent.com/commercialhaskell/stackage-snapshots/master/lts/19/4.yaml
  original: lts-19.4
